{
  "nodes": {
    "nix2nvimrc": {
      "locked": {
        "lastModified": 1657221998,
        "narHash": "sha256-PRVxxCaLcxXudE4yjfExA+UP9be/IznMpz1iVPD9Z8Y=",
        "owner": "ck3d",
        "repo": "nix2nvimrc",
        "rev": "70bc6f632c72d72c45f587904df97462282f28e6",
        "type": "github"
      },
      "original": {
        "owner": "ck3d",
        "repo": "nix2nvimrc",
        "type": "github"
      }
    },
    "nixpkgs": {
      "locked": {
        "lastModified": 1664532645,
        "narHash": "sha256-jPgjfLW1PXjNjxG/O39NV8254oWUG6Pd2vicXwgJccA=",
        "owner": "NixOS",
        "repo": "nixpkgs",
        "rev": "42115269e7dfeedebc38be3e45d652de18414bf9",
        "type": "github"
      },
      "original": {
        "owner": "NixOS",
        "ref": "nixos-unstable-small",
        "repo": "nixpkgs",
        "type": "github"
      }
    },
    "root": {
      "inputs": {
        "nix2nvimrc": "nix2nvimrc",
        "nixpkgs": "nixpkgs",
        "utils": "utils"
      }
    },
    "utils": {
      "locked": {
        "lastModified": 1659877975,
        "narHash": "sha256-zllb8aq3YO3h8B/U0/J1WBgAL8EX5yWf5pMj3G0NAmc=",
        "owner": "numtide",
        "repo": "flake-utils",
        "rev": "c0e246b9b83f637f4681389ecabcb2681b4f3af0",
        "type": "github"
      },
      "original": {
        "owner": "numtide",
        "repo": "flake-utils",
        "type": "github"
      }
    }
  },
  "root": "root",
  "version": 7
}
