{
  "nodes": {
    "nix2nvimrc": {
      "flake": false,
      "locked": {
        "lastModified": 1780745451,
        "narHash": "sha256-bPPH5ReZ9jChr3WUKHYkK894w4gSxl10Nc4fWqsXCT0=",
        "owner": "ck3d",
        "repo": "nix2nvimrc",
        "rev": "cf697ba074414537fd31b97c4222dfcd57baf875",
        "type": "github"
      },
      "original": {
        "owner": "ck3d",
        "repo": "nix2nvimrc",
        "type": "github"
      }
    },
    "nixpkgs": {
      "locked": {
        "lastModified": 1784120854,
        "narHash": "sha256-KesHgItiZPgGX740axSiQLcIQ8D24MDqNpkKYWIek8k=",
        "owner": "NixOS",
        "repo": "nixpkgs",
        "rev": "753cc8a3a87467296ddd1fa93f0cc3e81120ee46",
        "type": "github"
      },
      "original": {
        "owner": "NixOS",
        "ref": "nixos-unstable",
        "repo": "nixpkgs",
        "type": "github"
      }
    },
    "root": {
      "inputs": {
        "nix2nvimrc": "nix2nvimrc",
        "nixpkgs": "nixpkgs"
      }
    }
  },
  "root": "root",
  "version": 7
}
