{
  "nodes": {
    "nix2nvimrc": {
      "locked": {
        "lastModified": 1716016377,
        "narHash": "sha256-7xDHj2Ql062fHptf0Udnn8HpGgiHnt+7LuDiO2oDmmI=",
        "owner": "ck3d",
        "repo": "nix2nvimrc",
        "rev": "7b1b71c56ba65f86471a87f21dcac1adf4dfb37e",
        "type": "github"
      },
      "original": {
        "owner": "ck3d",
        "repo": "nix2nvimrc",
        "type": "github"
      }
    },
    "nixpkgs": {
      "locked": {
        "lastModified": 1715787315,
        "narHash": "sha256-cYApT0NXJfqBkKcci7D9Kr4CBYZKOQKDYA23q8XNuWg=",
        "owner": "NixOS",
        "repo": "nixpkgs",
        "rev": "33d1e753c82ffc557b4a585c77de43d4c922ebb5",
        "type": "github"
      },
      "original": {
        "owner": "NixOS",
        "ref": "nixos-unstable",
        "repo": "nixpkgs",
        "type": "github"
      }
    },
    "root": {
      "inputs": {
        "nix2nvimrc": "nix2nvimrc",
        "nixpkgs": "nixpkgs"
      }
    }
  },
  "root": "root",
  "version": 7
}
